
Microsoft Visual Studio Solution File, Format Version 12.00
# Visual Studio Version 16
VisualStudioVersion = 16.0.29728.190
MinimumVisualStudioVersion = 10.0.40219.1
Project("{FAE04EC0-301F-11D3-BF4B-00C04F79EFBC}") = "Login PostgreSQL", "Login PostgreSQL\Login PostgreSQL.csproj", "{A2518BBB-FE3D-437F-8AFA-B221BF66B729}"
EndProject
Global
	GlobalSection(SolutionConfigurationPlatforms) = preSolution
		Debug|Any CPU = Debug|Any CPU
		Release|Any CPU = Release|Any CPU
	EndGlobalSection
	GlobalSection(ProjectConfigurationPlatforms) = postSolution
		{A2518BBB-FE3D-437F-8AFA-B221BF66B729}.Debug|Any CPU.ActiveCfg = Debug|Any CPU
		{A2518BBB-FE3D-437F-8AFA-B221BF66B729}.Debug|Any CPU.Build.0 = Debug|Any CPU
		{A2518BBB-FE3D-437F-8AFA-B221BF66B729}.Release|Any CPU.ActiveCfg = Release|Any CPU
		{A2518BBB-FE3D-437F-8AFA-B221BF66B729}.Release|Any CPU.Build.0 = Release|Any CPU
	EndGlobalSection
	GlobalSection(SolutionProperties) = preSolution
		HideSolutionNode = FALSE
	EndGlobalSection
	GlobalSection(ExtensibilityGlobals) = postSolution
		SolutionGuid = {07DA37EC-BD01-4BD3-89DF-3BC4061EB681}
	EndGlobalSection
EndGlobal
